// !$*UTF8*$!
{
	archiveVersion = 1;
	classes = {
	};
	objectVersion = 55;
	objects = {

/* Begin PBXBuildFile section */
		ACCA409C2814E48C00B24998 /* ScrumdingerApp.swift in Sources */ = {isa = PBXBuildFile; fileRef = ACCA409B2814E48C00B24998 /* ScrumdingerApp.swift */; };
		ACCA409E2814E48C00B24998 /* MeetingView.swift in Sources */ = {isa = PBXBuildFile; fileRef = ACCA409D2814E48C00B24998 /* MeetingView.swift */; };
		ACCA40A02814E48E00B24998 /* Assets.xcassets in Resources */ = {isa = PBXBuildFile; fileRef = ACCA409F2814E48E00B24998 /* Assets.xcassets */; };
		ACCA40A32814E48E00B24998 /* Preview Assets.xcassets in Resources */ = {isa = PBXBuildFile; fileRef = ACCA40A22814E48E00B24998 /* Preview Assets.xcassets */; };
		ACCA40AB2814EACD00B24998 /* Theme.swift in Sources */ = {isa = PBXBuildFile; fileRef = ACCA40AA2814EACD00B24998 /* Theme.swift */; };
		ACCA40AD2814EBA200B24998 /* DailyScrum.swift in Sources */ = {isa = PBXBuildFile; fileRef = ACCA40AC2814EBA200B24998 /* DailyScrum.swift */; };
		ACCA40B02814EDD900B24998 /* CardView.swift in Sources */ = {isa = PBXBuildFile; fileRef = ACCA40AF2814EDD900B24998 /* CardView.swift */; };
		ACCA40B3281582AE00B24998 /* LabelStyle.swift in Sources */ = {isa = PBXBuildFile; fileRef = ACCA40B2281582AE00B24998 /* LabelStyle.swift */; };
		ACCA40B52815856700B24998 /* ScrumsListView.swift in Sources */ = {isa = PBXBuildFile; fileRef = ACCA40B42815856700B24998 /* ScrumsListView.swift */; };
		ACCA40B728158FAF00B24998 /* ScrumDetailView.swift in Sources */ = {isa = PBXBuildFile; fileRef = ACCA40B628158FAF00B24998 /* ScrumDetailView.swift */; };
		ACCA40BA281628BB00B24998 /* ScrumDetailEditView.swift in Sources */ = {isa = PBXBuildFile; fileRef = ACCA40B9281628BB00B24998 /* ScrumDetailEditView.swift */; };
		ACCA40BC2816340100B24998 /* ThemeView.swift in Sources */ = {isa = PBXBuildFile; fileRef = ACCA40BB2816340100B24998 /* ThemeView.swift */; };
		ACCA40BE2816353400B24998 /* ThemePickerView.swift in Sources */ = {isa = PBXBuildFile; fileRef = ACCA40BD2816353400B24998 /* ThemePickerView.swift */; };
		ACE14E3D28175D420085382A /* ScrumTimer.swift in Sources */ = {isa = PBXBuildFile; fileRef = ACE14E3C28175D420085382A /* ScrumTimer.swift */; };
		ACE14E3F28175FC30085382A /* MeetingFooterView.swift in Sources */ = {isa = PBXBuildFile; fileRef = ACE14E3E28175FC30085382A /* MeetingFooterView.swift */; };
		ACE14E41281761F20085382A /* AVPlayer+Ding.swift in Sources */ = {isa = PBXBuildFile; fileRef = ACE14E40281761F20085382A /* AVPlayer+Ding.swift */; };
		ACE14E442817632B0085382A /* ding.wav in Resources */ = {isa = PBXBuildFile; fileRef = ACE14E432817632B0085382A /* ding.wav */; };
		ACE14E46281776AC0085382A /* ScrumHistory.swift in Sources */ = {isa = PBXBuildFile; fileRef = ACE14E45281776AC0085382A /* ScrumHistory.swift */; };
		ACE14E48281783DE0085382A /* ScrumStore.swift in Sources */ = {isa = PBXBuildFile; fileRef = ACE14E47281783DE0085382A /* ScrumStore.swift */; };
		ACE14E4A28178B0E0085382A /* RolePickerView.swift in Sources */ = {isa = PBXBuildFile; fileRef = ACE14E4928178B0E0085382A /* RolePickerView.swift */; };
		ACE14E4C28179BC40085382A /* MeetingTimerView.swift in Sources */ = {isa = PBXBuildFile; fileRef = ACE14E4B28179BC40085382A /* MeetingTimerView.swift */; };
		ACE14E5128179D100085382A /* ArchShape.swift in Sources */ = {isa = PBXBuildFile; fileRef = ACE14E5028179D100085382A /* ArchShape.swift */; };
		ACF838A228175A6C00FCC514 /* MeetingHeaderView.swift in Sources */ = {isa = PBXBuildFile; fileRef = ACF838A128175A6C00FCC514 /* MeetingHeaderView.swift */; };
/* End PBXBuildFile section */

/* Begin PBXFileReference section */
		ACCA40982814E48C00B24998 /* Scrumdinger.app */ = {isa = PBXFileReference; explicitFileType = wrapper.application; includeInIndex = 0; path = Scrumdinger.app; sourceTree = BUILT_PRODUCTS_DIR; };
		ACCA409B2814E48C00B24998 /* ScrumdingerApp.swift */ = {isa = PBXFileReference; lastKnownFileType = sourcecode.swift; path = ScrumdingerApp.swift; sourceTree = "<group>"; };
		ACCA409D2814E48C00B24998 /* MeetingView.swift */ = {isa = PBXFileReference; lastKnownFileType = sourcecode.swift; path = MeetingView.swift; sourceTree = "<group>"; };
		ACCA409F2814E48E00B24998 /* Assets.xcassets */ = {isa = PBXFileReference; lastKnownFileType = folder.assetcatalog; path = Assets.xcassets; sourceTree = "<group>"; };
		ACCA40A22814E48E00B24998 /* Preview Assets.xcassets */ = {isa = PBXFileReference; lastKnownFileType = folder.assetcatalog; path = "Preview Assets.xcassets"; sourceTree = "<group>"; };
		ACCA40AA2814EACD00B24998 /* Theme.swift */ = {isa = PBXFileReference; lastKnownFileType = sourcecode.swift; path = Theme.swift; sourceTree = "<group>"; };
		ACCA40AC2814EBA200B24998 /* DailyScrum.swift */ = {isa = PBXFileReference; lastKnownFileType = sourcecode.swift; path = DailyScrum.swift; sourceTree = "<group>"; };
		ACCA40AF2814EDD900B24998 /* CardView.swift */ = {isa = PBXFileReference; lastKnownFileType = sourcecode.swift; path = CardView.swift; sourceTree = "<group>"; };
		ACCA40B2281582AE00B24998 /* LabelStyle.swift */ = {isa = PBXFileReference; lastKnownFileType = sourcecode.swift; path = LabelStyle.swift; sourceTree = "<group>"; };
		ACCA40B42815856700B24998 /* ScrumsListView.swift */ = {isa = PBXFileReference; lastKnownFileType = sourcecode.swift; path = ScrumsListView.swift; sourceTree = "<group>"; };
		ACCA40B628158FAF00B24998 /* ScrumDetailView.swift */ = {isa = PBXFileReference; lastKnownFileType = sourcecode.swift; path = ScrumDetailView.swift; sourceTree = "<group>"; };
		ACCA40B9281628BB00B24998 /* ScrumDetailEditView.swift */ = {isa = PBXFileReference; lastKnownFileType = sourcecode.swift; path = ScrumDetailEditView.swift; sourceTree = "<group>"; };
		ACCA40BB2816340100B24998 /* ThemeView.swift */ = {isa = PBXFileReference; lastKnownFileType = sourcecode.swift; path = ThemeView.swift; sourceTree = "<group>"; };
		ACCA40BD2816353400B24998 /* ThemePickerView.swift */ = {isa = PBXFileReference; lastKnownFileType = sourcecode.swift; path = ThemePickerView.swift; sourceTree = "<group>"; };
		ACE14E3C28175D420085382A /* ScrumTimer.swift */ = {isa = PBXFileReference; lastKnownFileType = sourcecode.swift; path = ScrumTimer.swift; sourceTree = "<group>"; };
		ACE14E3E28175FC30085382A /* MeetingFooterView.swift */ = {isa = PBXFileReference; lastKnownFileType = sourcecode.swift; path = MeetingFooterView.swift; sourceTree = "<group>"; };
		ACE14E40281761F20085382A /* AVPlayer+Ding.swift */ = {isa = PBXFileReference; lastKnownFileType = sourcecode.swift; path = "AVPlayer+Ding.swift"; sourceTree = "<group>"; };
		ACE14E432817632B0085382A /* ding.wav */ = {isa = PBXFileReference; lastKnownFileType = audio.wav; path = ding.wav; sourceTree = "<group>"; };
		ACE14E45281776AC0085382A /* ScrumHistory.swift */ = {isa = PBXFileReference; lastKnownFileType = sourcecode.swift; path = ScrumHistory.swift; sourceTree = "<group>"; };
		ACE14E47281783DE0085382A /* ScrumStore.swift */ = {isa = PBXFileReference; lastKnownFileType = sourcecode.swift; path = ScrumStore.swift; sourceTree = "<group>"; };
		ACE14E4928178B0E0085382A /* RolePickerView.swift */ = {isa = PBXFileReference; lastKnownFileType = sourcecode.swift; path = RolePickerView.swift; sourceTree = "<group>"; };
		ACE14E4B28179BC40085382A /* MeetingTimerView.swift */ = {isa = PBXFileReference; lastKnownFileType = sourcecode.swift; path = MeetingTimerView.swift; sourceTree = "<group>"; };
		ACE14E5028179D100085382A /* ArchShape.swift */ = {isa = PBXFileReference; lastKnownFileType = sourcecode.swift; path = ArchShape.swift; sourceTree = "<group>"; };
		ACF838A128175A6C00FCC514 /* MeetingHeaderView.swift */ = {isa = PBXFileReference; lastKnownFileType = sourcecode.swift; path = MeetingHeaderView.swift; sourceTree = "<group>"; };
/* End PBXFileReference section */

/* Begin PBXFrameworksBuildPhase section */
		ACCA40952814E48C00B24998 /* Frameworks */ = {
			isa = PBXFrameworksBuildPhase;
			buildActionMask = 2147483647;
			files = (
			);
			runOnlyForDeploymentPostprocessing = 0;
		};
/* End PBXFrameworksBuildPhase section */

/* Begin PBXGroup section */
		ACCA408F2814E48C00B24998 = {
			isa = PBXGroup;
			children = (
				ACCA409A2814E48C00B24998 /* Scrumdinger */,
				ACCA40992814E48C00B24998 /* Products */,
			);
			sourceTree = "<group>";
		};
		ACCA40992814E48C00B24998 /* Products */ = {
			isa = PBXGroup;
			children = (
				ACCA40982814E48C00B24998 /* Scrumdinger.app */,
			);
			name = Products;
			sourceTree = "<group>";
		};
		ACCA409A2814E48C00B24998 /* Scrumdinger */ = {
			isa = PBXGroup;
			children = (
				ACE14E422817631D0085382A /* Bundle Sources */,
				ACCA40B12815829400B24998 /* Core */,
				ACCA40AE2814EDB000B24998 /* Views */,
				ACCA40A92814EAA600B24998 /* Models */,
				ACCA409B2814E48C00B24998 /* ScrumdingerApp.swift */,
				ACCA409F2814E48E00B24998 /* Assets.xcassets */,
				ACCA40A12814E48E00B24998 /* Preview Content */,
			);
			path = Scrumdinger;
			sourceTree = "<group>";
		};
		ACCA40A12814E48E00B24998 /* Preview Content */ = {
			isa = PBXGroup;
			children = (
				ACCA40A22814E48E00B24998 /* Preview Assets.xcassets */,
			);
			path = "Preview Content";
			sourceTree = "<group>";
		};
		ACCA40A92814EAA600B24998 /* Models */ = {
			isa = PBXGroup;
			children = (
				ACCA40AA2814EACD00B24998 /* Theme.swift */,
				ACCA40AC2814EBA200B24998 /* DailyScrum.swift */,
				ACE14E3C28175D420085382A /* ScrumTimer.swift */,
				ACE14E45281776AC0085382A /* ScrumHistory.swift */,
				ACE14E47281783DE0085382A /* ScrumStore.swift */,
			);
			path = Models;
			sourceTree = "<group>";
		};
		ACCA40AE2814EDB000B24998 /* Views */ = {
			isa = PBXGroup;
			children = (
				ACE14E4D28179CE70085382A /* Drawings */,
				ACCA409D2814E48C00B24998 /* MeetingView.swift */,
				ACCA40AF2814EDD900B24998 /* CardView.swift */,
				ACCA40B42815856700B24998 /* ScrumsListView.swift */,
				ACCA40B628158FAF00B24998 /* ScrumDetailView.swift */,
				ACCA40B9281628BB00B24998 /* ScrumDetailEditView.swift */,
				ACCA40BB2816340100B24998 /* ThemeView.swift */,
				ACCA40BD2816353400B24998 /* ThemePickerView.swift */,
				ACF838A128175A6C00FCC514 /* MeetingHeaderView.swift */,
				ACE14E3E28175FC30085382A /* MeetingFooterView.swift */,
				ACE14E4928178B0E0085382A /* RolePickerView.swift */,
				ACE14E4B28179BC40085382A /* MeetingTimerView.swift */,
			);
			path = Views;
			sourceTree = "<group>";
		};
		ACCA40B12815829400B24998 /* Core */ = {
			isa = PBXGroup;
			children = (
				ACCA40B2281582AE00B24998 /* LabelStyle.swift */,
				ACE14E40281761F20085382A /* AVPlayer+Ding.swift */,
			);
			path = Core;
			sourceTree = "<group>";
		};
		ACE14E422817631D0085382A /* Bundle Sources */ = {
			isa = PBXGroup;
			children = (
				ACE14E432817632B0085382A /* ding.wav */,
			);
			path = "Bundle Sources";
			sourceTree = "<group>";
		};
		ACE14E4D28179CE70085382A /* Drawings */ = {
			isa = PBXGroup;
			children = (
				ACE14E5028179D100085382A /* ArchShape.swift */,
			);
			path = Drawings;
			sourceTree = "<group>";
		};
/* End PBXGroup section */

/* Begin PBXNativeTarget section */
		ACCA40972814E48C00B24998 /* Scrumdinger */ = {
			isa = PBXNativeTarget;
			buildConfigurationList = ACCA40A62814E48E00B24998 /* Build configuration list for PBXNativeTarget "Scrumdinger" */;
			buildPhases = (
				ACCA40942814E48C00B24998 /* Sources */,
				ACCA40952814E48C00B24998 /* Frameworks */,
				ACCA40962814E48C00B24998 /* Resources */,
			);
			buildRules = (
			);
			dependencies = (
			);
			name = Scrumdinger;
			productName = Scrumdinger;
			productReference = ACCA40982814E48C00B24998 /* Scrumdinger.app */;
			productType = "com.apple.product-type.application";
		};
/* End PBXNativeTarget section */

/* Begin PBXProject section */
		ACCA40902814E48C00B24998 /* Project object */ = {
			isa = PBXProject;
			attributes = {
				BuildIndependentTargetsInParallel = 1;
				LastSwiftUpdateCheck = 1330;
				LastUpgradeCheck = 1330;
				TargetAttributes = {
					ACCA40972814E48C00B24998 = {
						CreatedOnToolsVersion = 13.3.1;
					};
				};
			};
			buildConfigurationList = ACCA40932814E48C00B24998 /* Build configuration list for PBXProject "Scrumdinger" */;
			compatibilityVersion = "Xcode 13.0";
			developmentRegion = en;
			hasScannedForEncodings = 0;
			knownRegions = (
				en,
				Base,
			);
			mainGroup = ACCA408F2814E48C00B24998;
			productRefGroup = ACCA40992814E48C00B24998 /* Products */;
			projectDirPath = "";
			projectRoot = "";
			targets = (
				ACCA40972814E48C00B24998 /* Scrumdinger */,
			);
		};
/* End PBXProject section */

/* Begin PBXResourcesBuildPhase section */
		ACCA40962814E48C00B24998 /* Resources */ = {
			isa = PBXResourcesBuildPhase;
			buildActionMask = 2147483647;
			files = (
				ACE14E442817632B0085382A /* ding.wav in Resources */,
				ACCA40A32814E48E00B24998 /* Preview Assets.xcassets in Resources */,
				ACCA40A02814E48E00B24998 /* Assets.xcassets in Resources */,
			);
			runOnlyForDeploymentPostprocessing = 0;
		};
/* End PBXResourcesBuildPhase section */

/* Begin PBXSourcesBuildPhase section */
		ACCA40942814E48C00B24998 /* Sources */ = {
			isa = PBXSourcesBuildPhase;
			buildActionMask = 2147483647;
			files = (
				ACE14E48281783DE0085382A /* ScrumStore.swift in Sources */,
				ACCA40B728158FAF00B24998 /* ScrumDetailView.swift in Sources */,
				ACCA40AD2814EBA200B24998 /* DailyScrum.swift in Sources */,
				ACCA40B52815856700B24998 /* ScrumsListView.swift in Sources */,
				ACE14E3F28175FC30085382A /* MeetingFooterView.swift in Sources */,
				ACE14E41281761F20085382A /* AVPlayer+Ding.swift in Sources */,
				ACE14E4A28178B0E0085382A /* RolePickerView.swift in Sources */,
				ACF838A228175A6C00FCC514 /* MeetingHeaderView.swift in Sources */,
				ACCA40AB2814EACD00B24998 /* Theme.swift in Sources */,
				ACCA409E2814E48C00B24998 /* MeetingView.swift in Sources */,
				ACCA40BE2816353400B24998 /* ThemePickerView.swift in Sources */,
				ACE14E46281776AC0085382A /* ScrumHistory.swift in Sources */,
				ACCA40BA281628BB00B24998 /* ScrumDetailEditView.swift in Sources */,
				ACCA409C2814E48C00B24998 /* ScrumdingerApp.swift in Sources */,
				ACCA40B3281582AE00B24998 /* LabelStyle.swift in Sources */,
				ACE14E4C28179BC40085382A /* MeetingTimerView.swift in Sources */,
				ACCA40BC2816340100B24998 /* ThemeView.swift in Sources */,
				ACE14E5128179D100085382A /* ArchShape.swift in Sources */,
				ACCA40B02814EDD900B24998 /* CardView.swift in Sources */,
				ACE14E3D28175D420085382A /* ScrumTimer.swift in Sources */,
			);
			runOnlyForDeploymentPostprocessing = 0;
		};
/* End PBXSourcesBuildPhase section */

/* Begin XCBuildConfiguration section */
		ACCA40A42814E48E00B24998 /* Debug */ = {
			isa = XCBuildConfiguration;
			buildSettings = {
				ALWAYS_SEARCH_USER_PATHS = NO;
				CLANG_ANALYZER_NONNULL = YES;
				CLANG_ANALYZER_NUMBER_OBJECT_CONVERSION = YES_AGGRESSIVE;
				CLANG_CXX_LANGUAGE_STANDARD = "gnu++17";
				CLANG_ENABLE_MODULES = YES;
				CLANG_ENABLE_OBJC_ARC = YES;
				CLANG_ENABLE_OBJC_WEAK = YES;
				CLANG_WARN_BLOCK_CAPTURE_AUTORELEASING = YES;
				CLANG_WARN_BOOL_CONVERSION = YES;
				CLANG_WARN_COMMA = YES;
				CLANG_WARN_CONSTANT_CONVERSION = YES;
				CLANG_WARN_DEPRECATED_OBJC_IMPLEMENTATIONS = YES;
				CLANG_WARN_DIRECT_OBJC_ISA_USAGE = YES_ERROR;
				CLANG_WARN_DOCUMENTATION_COMMENTS = YES;
				CLANG_WARN_EMPTY_BODY = YES;
				CLANG_WARN_ENUM_CONVERSION = YES;
				CLANG_WARN_INFINITE_RECURSION = YES;
				CLANG_WARN_INT_CONVERSION = YES;
				CLANG_WARN_NON_LITERAL_NULL_CONVERSION = YES;
				CLANG_WARN_OBJC_IMPLICIT_RETAIN_SELF = YES;
				CLANG_WARN_OBJC_LITERAL_CONVERSION = YES;
				CLANG_WARN_OBJC_ROOT_CLASS = YES_ERROR;
				CLANG_WARN_QUOTED_INCLUDE_IN_FRAMEWORK_HEADER = YES;
				CLANG_WARN_RANGE_LOOP_ANALYSIS = YES;
				CLANG_WARN_STRICT_PROTOTYPES = YES;
				CLANG_WARN_SUSPICIOUS_MOVE = YES;
				CLANG_WARN_UNGUARDED_AVAILABILITY = YES_AGGRESSIVE;
				CLANG_WARN_UNREACHABLE_CODE = YES;
				CLANG_WARN__DUPLICATE_METHOD_MATCH = YES;
				COPY_PHASE_STRIP = NO;
				DEBUG_INFORMATION_FORMAT = dwarf;
				ENABLE_STRICT_OBJC_MSGSEND = YES;
				ENABLE_TESTABILITY = YES;
				GCC_C_LANGUAGE_STANDARD = gnu11;
				GCC_DYNAMIC_NO_PIC = NO;
				GCC_NO_COMMON_BLOCKS = YES;
				GCC_OPTIMIZATION_LEVEL = 0;
				GCC_PREPROCESSOR_DEFINITIONS = (
					"DEBUG=1",
					"$(inherited)",
				);
				GCC_WARN_64_TO_32_BIT_CONVERSION = YES;
				GCC_WARN_ABOUT_RETURN_TYPE = YES_ERROR;
				GCC_WARN_UNDECLARED_SELECTOR = YES;
				GCC_WARN_UNINITIALIZED_AUTOS = YES_AGGRESSIVE;
				GCC_WARN_UNUSED_FUNCTION = YES;
				GCC_WARN_UNUSED_VARIABLE = YES;
				IPHONEOS_DEPLOYMENT_TARGET = 15.4;
				MTL_ENABLE_DEBUG_INFO = INCLUDE_SOURCE;
				MTL_FAST_MATH = YES;
				ONLY_ACTIVE_ARCH = YES;
				SDKROOT = iphoneos;
				SWIFT_ACTIVE_COMPILATION_CONDITIONS = DEBUG;
				SWIFT_OPTIMIZATION_LEVEL = "-Onone";
			};
			name = Debug;
		};
		ACCA40A52814E48E00B24998 /* Release */ = {
			isa = XCBuildConfiguration;
			buildSettings = {
				ALWAYS_SEARCH_USER_PATHS = NO;
				CLANG_ANALYZER_NONNULL = YES;
				CLANG_ANALYZER_NUMBER_OBJECT_CONVERSION = YES_AGGRESSIVE;
				CLANG_CXX_LANGUAGE_STANDARD = "gnu++17";
				CLANG_ENABLE_MODULES = YES;
				CLANG_ENABLE_OBJC_ARC = YES;
				CLANG_ENABLE_OBJC_WEAK = YES;
				CLANG_WARN_BLOCK_CAPTURE_AUTORELEASING = YES;
				CLANG_WARN_BOOL_CONVERSION = YES;
				CLANG_WARN_COMMA = YES;
				CLANG_WARN_CONSTANT_CONVERSION = YES;
				CLANG_WARN_DEPRECATED_OBJC_IMPLEMENTATIONS = YES;
				CLANG_WARN_DIRECT_OBJC_ISA_USAGE = YES_ERROR;
				CLANG_WARN_DOCUMENTATION_COMMENTS = YES;
				CLANG_WARN_EMPTY_BODY = YES;
				CLANG_WARN_ENUM_CONVERSION = YES;
				CLANG_WARN_INFINITE_RECURSION = YES;
				CLANG_WARN_INT_CONVERSION = YES;
				CLANG_WARN_NON_LITERAL_NULL_CONVERSION = YES;
				CLANG_WARN_OBJC_IMPLICIT_RETAIN_SELF = YES;
				CLANG_WARN_OBJC_LITERAL_CONVERSION = YES;
				CLANG_WARN_OBJC_ROOT_CLASS = YES_ERROR;
				CLANG_WARN_QUOTED_INCLUDE_IN_FRAMEWORK_HEADER = YES;
				CLANG_WARN_RANGE_LOOP_ANALYSIS = YES;
				CLANG_WARN_STRICT_PROTOTYPES = YES;
				CLANG_WARN_SUSPICIOUS_MOVE = YES;
				CLANG_WARN_UNGUARDED_AVAILABILITY = YES_AGGRESSIVE;
				CLANG_WARN_UNREACHABLE_CODE = YES;
				CLANG_WARN__DUPLICATE_METHOD_MATCH = YES;
				COPY_PHASE_STRIP = NO;
				DEBUG_INFORMATION_FORMAT = "dwarf-with-dsym";
				ENABLE_NS_ASSERTIONS = NO;
				ENABLE_STRICT_OBJC_MSGSEND = YES;
				GCC_C_LANGUAGE_STANDARD = gnu11;
				GCC_NO_COMMON_BLOCKS = YES;
				GCC_WARN_64_TO_32_BIT_CONVERSION = YES;
				GCC_WARN_ABOUT_RETURN_TYPE = YES_ERROR;
				GCC_WARN_UNDECLARED_SELECTOR = YES;
				GCC_WARN_UNINITIALIZED_AUTOS = YES_AGGRESSIVE;
				GCC_WARN_UNUSED_FUNCTION = YES;
				GCC_WARN_UNUSED_VARIABLE = YES;
				IPHONEOS_DEPLOYMENT_TARGET = 15.4;
				MTL_ENABLE_DEBUG_INFO = NO;
				MTL_FAST_MATH = YES;
				SDKROOT = iphoneos;
				SWIFT_COMPILATION_MODE = wholemodule;
				SWIFT_OPTIMIZATION_LEVEL = "-O";
				VALIDATE_PRODUCT = YES;
			};
			name = Release;
		};
		ACCA40A72814E48E00B24998 /* Debug */ = {
			isa = XCBuildConfiguration;
			buildSettings = {
				ASSETCATALOG_COMPILER_APPICON_NAME = AppIcon;
				ASSETCATALOG_COMPILER_GLOBAL_ACCENT_COLOR_NAME = AccentColor;
				CODE_SIGN_STYLE = Automatic;
				CURRENT_PROJECT_VERSION = 1;
				DEVELOPMENT_ASSET_PATHS = "\"Scrumdinger/Preview Content\"";
				DEVELOPMENT_TEAM = FACS5QY45H;
				ENABLE_PREVIEWS = YES;
				GENERATE_INFOPLIST_FILE = YES;
				INFOPLIST_KEY_UIApplicationSceneManifest_Generation = YES;
				INFOPLIST_KEY_UIApplicationSupportsIndirectInputEvents = YES;
				INFOPLIST_KEY_UILaunchScreen_Generation = YES;
				INFOPLIST_KEY_UISupportedInterfaceOrientations_iPad = "UIInterfaceOrientationPortrait UIInterfaceOrientationPortraitUpsideDown UIInterfaceOrientationLandscapeLeft UIInterfaceOrientationLandscapeRight";
				INFOPLIST_KEY_UISupportedInterfaceOrientations_iPhone = "UIInterfaceOrientationPortrait UIInterfaceOrientationLandscapeLeft UIInterfaceOrientationLandscapeRight";
				LD_RUNPATH_SEARCH_PATHS = (
					"$(inherited)",
					"@executable_path/Frameworks",
				);
				MARKETING_VERSION = 1.0;
				PRODUCT_BUNDLE_IDENTIFIER = me.whothefuckis.Scrumdinger;
				PRODUCT_NAME = "$(TARGET_NAME)";
				SWIFT_EMIT_LOC_STRINGS = YES;
				SWIFT_VERSION = 5.0;
				TARGETED_DEVICE_FAMILY = "1,2";
			};
			name = Debug;
		};
		ACCA40A82814E48E00B24998 /* Release */ = {
			isa = XCBuildConfiguration;
			buildSettings = {
				ASSETCATALOG_COMPILER_APPICON_NAME = AppIcon;
				ASSETCATALOG_COMPILER_GLOBAL_ACCENT_COLOR_NAME = AccentColor;
				CODE_SIGN_STYLE = Automatic;
				CURRENT_PROJECT_VERSION = 1;
				DEVELOPMENT_ASSET_PATHS = "\"Scrumdinger/Preview Content\"";
				DEVELOPMENT_TEAM = FACS5QY45H;
				ENABLE_PREVIEWS = YES;
				GENERATE_INFOPLIST_FILE = YES;
				INFOPLIST_KEY_UIApplicationSceneManifest_Generation = YES;
				INFOPLIST_KEY_UIApplicationSupportsIndirectInputEvents = YES;
				INFOPLIST_KEY_UILaunchScreen_Generation = YES;
				INFOPLIST_KEY_UISupportedInterfaceOrientations_iPad = "UIInterfaceOrientationPortrait UIInterfaceOrientationPortraitUpsideDown UIInterfaceOrientationLandscapeLeft UIInterfaceOrientationLandscapeRight";
				INFOPLIST_KEY_UISupportedInterfaceOrientations_iPhone = "UIInterfaceOrientationPortrait UIInterfaceOrientationLandscapeLeft UIInterfaceOrientationLandscapeRight";
				LD_RUNPATH_SEARCH_PATHS = (
					"$(inherited)",
					"@executable_path/Frameworks",
				);
				MARKETING_VERSION = 1.0;
				PRODUCT_BUNDLE_IDENTIFIER = me.whothefuckis.Scrumdinger;
				PRODUCT_NAME = "$(TARGET_NAME)";
				SWIFT_EMIT_LOC_STRINGS = YES;
				SWIFT_VERSION = 5.0;
				TARGETED_DEVICE_FAMILY = "1,2";
			};
			name = Release;
		};
/* End XCBuildConfiguration section */

/* Begin XCConfigurationList section */
		ACCA40932814E48C00B24998 /* Build configuration list for PBXProject "Scrumdinger" */ = {
			isa = XCConfigurationList;
			buildConfigurations = (
				ACCA40A42814E48E00B24998 /* Debug */,
				ACCA40A52814E48E00B24998 /* Release */,
			);
			defaultConfigurationIsVisible = 0;
			defaultConfigurationName = Release;
		};
		ACCA40A62814E48E00B24998 /* Build configuration list for PBXNativeTarget "Scrumdinger" */ = {
			isa = XCConfigurationList;
			buildConfigurations = (
				ACCA40A72814E48E00B24998 /* Debug */,
				ACCA40A82814E48E00B24998 /* Release */,
			);
			defaultConfigurationIsVisible = 0;
			defaultConfigurationName = Release;
		};
/* End XCConfigurationList section */
	};
	rootObject = ACCA40902814E48C00B24998 /* Project object */;
}
